
Microsoft Visual Studio Solution File, Format Version 12.00
# Visual Studio Version 16
VisualStudioVersion = 16.0.31025.194
MinimumVisualStudioVersion = 10.0.40219.1
Project("{9A19103F-16F7-4668-BE54-9A1E7A4F7556}") = "CodeWars", "CodeWars.csproj", "{5847A2C1-2F3B-486E-8256-A8562DCE8626}"
EndProject
Project("{FAE04EC0-301F-11D3-BF4B-00C04F79EFBC}") = "CodeWarsTests", "..\CodeWarsTests\CodeWarsTests.csproj", "{103D7B40-27BD-4B1C-AF7A-F5F55CEAB50C}"
EndProject
Global
	GlobalSection(SolutionConfigurationPlatforms) = preSolution
		Debug|Any CPU = Debug|Any CPU
		Release|Any CPU = Release|Any CPU
	EndGlobalSection
	GlobalSection(ProjectConfigurationPlatforms) = postSolution
		{5847A2C1-2F3B-486E-8256-A8562DCE8626}.Debug|Any CPU.ActiveCfg = Debug|Any CPU
		{5847A2C1-2F3B-486E-8256-A8562DCE8626}.Debug|Any CPU.Build.0 = Debug|Any CPU
		{5847A2C1-2F3B-486E-8256-A8562DCE8626}.Release|Any CPU.ActiveCfg = Release|Any CPU
		{5847A2C1-2F3B-486E-8256-A8562DCE8626}.Release|Any CPU.Build.0 = Release|Any CPU
		{103D7B40-27BD-4B1C-AF7A-F5F55CEAB50C}.Debug|Any CPU.ActiveCfg = Debug|Any CPU
		{103D7B40-27BD-4B1C-AF7A-F5F55CEAB50C}.Debug|Any CPU.Build.0 = Debug|Any CPU
		{103D7B40-27BD-4B1C-AF7A-F5F55CEAB50C}.Release|Any CPU.ActiveCfg = Release|Any CPU
		{103D7B40-27BD-4B1C-AF7A-F5F55CEAB50C}.Release|Any CPU.Build.0 = Release|Any CPU
	EndGlobalSection
	GlobalSection(SolutionProperties) = preSolution
		HideSolutionNode = FALSE
	EndGlobalSection
	GlobalSection(ExtensibilityGlobals) = postSolution
		SolutionGuid = {729D385D-B82F-4221-95CF-B4876FD3151D}
	EndGlobalSection
EndGlobal
