
Microsoft Visual Studio Solution File, Format Version 12.00
# Visual Studio Version 16
VisualStudioVersion = 16.0.31025.194
MinimumVisualStudioVersion = 10.0.40219.1
Project("{FAE04EC0-301F-11D3-BF4B-00C04F79EFBC}") = "KarateChop", "KarateChop.csproj", "{404AC8ED-89CE-4CB9-AA86-6B2068555298}"
EndProject
Project("{FAE04EC0-301F-11D3-BF4B-00C04F79EFBC}") = "KarateChopTests", "..\KarateChopTests\KarateChopTests.csproj", "{69B740A6-1BE2-4037-9C61-49CADA6EE76A}"
EndProject
Global
	GlobalSection(SolutionConfigurationPlatforms) = preSolution
		Debug|Any CPU = Debug|Any CPU
		Release|Any CPU = Release|Any CPU
	EndGlobalSection
	GlobalSection(ProjectConfigurationPlatforms) = postSolution
		{404AC8ED-89CE-4CB9-AA86-6B2068555298}.Debug|Any CPU.ActiveCfg = Debug|Any CPU
		{404AC8ED-89CE-4CB9-AA86-6B2068555298}.Debug|Any CPU.Build.0 = Debug|Any CPU
		{404AC8ED-89CE-4CB9-AA86-6B2068555298}.Release|Any CPU.ActiveCfg = Release|Any CPU
		{404AC8ED-89CE-4CB9-AA86-6B2068555298}.Release|Any CPU.Build.0 = Release|Any CPU
		{69B740A6-1BE2-4037-9C61-49CADA6EE76A}.Debug|Any CPU.ActiveCfg = Debug|Any CPU
		{69B740A6-1BE2-4037-9C61-49CADA6EE76A}.Debug|Any CPU.Build.0 = Debug|Any CPU
		{69B740A6-1BE2-4037-9C61-49CADA6EE76A}.Release|Any CPU.ActiveCfg = Release|Any CPU
		{69B740A6-1BE2-4037-9C61-49CADA6EE76A}.Release|Any CPU.Build.0 = Release|Any CPU
	EndGlobalSection
	GlobalSection(SolutionProperties) = preSolution
		HideSolutionNode = FALSE
	EndGlobalSection
	GlobalSection(ExtensibilityGlobals) = postSolution
		SolutionGuid = {75A6908B-649E-4F64-95EC-566FD90D728C}
	EndGlobalSection
EndGlobal
