
Microsoft Visual Studio Solution File, Format Version 12.00
# Visual Studio 15
VisualStudioVersion = 15.0.28010.0
MinimumVisualStudioVersion = 10.0.40219.1
Project("{FAE04EC0-301F-11D3-BF4B-00C04F79EFBC}") = "CardGame", "CardGame\CardGame.csproj", "{E307DA60-F234-49DC-8055-283D3584F436}"
EndProject
Global
	GlobalSection(SolutionConfigurationPlatforms) = preSolution
		Debug|Any CPU = Debug|Any CPU
		Release|Any CPU = Release|Any CPU
	EndGlobalSection
	GlobalSection(ProjectConfigurationPlatforms) = postSolution
		{E307DA60-F234-49DC-8055-283D3584F436}.Debug|Any CPU.ActiveCfg = Debug|Any CPU
		{E307DA60-F234-49DC-8055-283D3584F436}.Debug|Any CPU.Build.0 = Debug|Any CPU
		{E307DA60-F234-49DC-8055-283D3584F436}.Release|Any CPU.ActiveCfg = Release|Any CPU
		{E307DA60-F234-49DC-8055-283D3584F436}.Release|Any CPU.Build.0 = Release|Any CPU
	EndGlobalSection
	GlobalSection(SolutionProperties) = preSolution
		HideSolutionNode = FALSE
	EndGlobalSection
	GlobalSection(ExtensibilityGlobals) = postSolution
		SolutionGuid = {E2CE3843-8ACD-4F28-B39A-17852E0C5D86}
	EndGlobalSection
EndGlobal
